
Microsoft Visual Studio Solution File, Format Version 12.00
# Visual Studio Version 16
VisualStudioVersion = 16.0.29006.145
MinimumVisualStudioVersion = 10.0.40219.1
Project("{9A19103F-16F7-4668-BE54-9A1E7A4F7556}") = "Common", "src\Common.csproj", "{B7A6EC1B-C3D6-41CC-8B2B-27F6D6A18D7E}"
EndProject
Project("{2150E333-8FDC-42A3-9474-1A3956D46DE8}") = "TestCases", "TestCases", "{B6341232-F724-44F9-8F8A-2D6650E00573}"
EndProject
Project("{9A19103F-16F7-4668-BE54-9A1E7A4F7556}") = "Common.UnitTests", "tests\Common.UnitTests.csproj", "{FC9926A0-5508-4C10-BA83-12795F895F33}"
EndProject
Project("{2150E333-8FDC-42A3-9474-1A3956D46DE8}") = "Solution Items", "Solution Items", "{2537A577-F0F0-4F9B-95B8-375415F8B782}"
	ProjectSection(SolutionItems) = preProject
		.coveralls.yml = .coveralls.yml
		.git = .git
		.gitattributes = .gitattributes
		.gitignore = .gitignore
		.travis.yml = .travis.yml
		.whitesource = .whitesource
		_config.yml = _config.yml
		global.json = global.json
		LICENSE = LICENSE
		README.md = README.md
	EndProjectSection
EndProject
Project("{9A19103F-16F7-4668-BE54-9A1E7A4F7556}") = "Flix.Lib", "..\..\..\Flix\Flix.Lib\Flix.Lib.csproj", "{42BEDA29-5784-49ED-B1BA-DE76DD9D7B2E}"
EndProject
Project("{9A19103F-16F7-4668-BE54-9A1E7A4F7556}") = "Flix.Data", "..\..\..\Flix\Flix.Data\Flix.Data.csproj", "{44583F18-A9AB-4157-97DD-0C12EDF8C1D2}"
EndProject
Global
	GlobalSection(SolutionConfigurationPlatforms) = preSolution
		Debug|Any CPU = Debug|Any CPU
		Debug|x64 = Debug|x64
		Debug|x86 = Debug|x86
		Release|Any CPU = Release|Any CPU
		Release|x64 = Release|x64
		Release|x86 = Release|x86
	EndGlobalSection
	GlobalSection(ProjectConfigurationPlatforms) = postSolution
		{B7A6EC1B-C3D6-41CC-8B2B-27F6D6A18D7E}.Debug|Any CPU.ActiveCfg = Debug|Any CPU
		{B7A6EC1B-C3D6-41CC-8B2B-27F6D6A18D7E}.Debug|Any CPU.Build.0 = Debug|Any CPU
		{B7A6EC1B-C3D6-41CC-8B2B-27F6D6A18D7E}.Debug|x64.ActiveCfg = Debug|x64
		{B7A6EC1B-C3D6-41CC-8B2B-27F6D6A18D7E}.Debug|x64.Build.0 = Debug|x64
		{B7A6EC1B-C3D6-41CC-8B2B-27F6D6A18D7E}.Debug|x86.ActiveCfg = Debug|x86
		{B7A6EC1B-C3D6-41CC-8B2B-27F6D6A18D7E}.Debug|x86.Build.0 = Debug|x86
		{B7A6EC1B-C3D6-41CC-8B2B-27F6D6A18D7E}.Release|Any CPU.ActiveCfg = Release|Any CPU
		{B7A6EC1B-C3D6-41CC-8B2B-27F6D6A18D7E}.Release|Any CPU.Build.0 = Release|Any CPU
		{B7A6EC1B-C3D6-41CC-8B2B-27F6D6A18D7E}.Release|x64.ActiveCfg = Release|x64
		{B7A6EC1B-C3D6-41CC-8B2B-27F6D6A18D7E}.Release|x64.Build.0 = Release|x64
		{B7A6EC1B-C3D6-41CC-8B2B-27F6D6A18D7E}.Release|x86.ActiveCfg = Release|x86
		{B7A6EC1B-C3D6-41CC-8B2B-27F6D6A18D7E}.Release|x86.Build.0 = Release|x86
		{FC9926A0-5508-4C10-BA83-12795F895F33}.Debug|Any CPU.ActiveCfg = Debug|Any CPU
		{FC9926A0-5508-4C10-BA83-12795F895F33}.Debug|Any CPU.Build.0 = Debug|Any CPU
		{FC9926A0-5508-4C10-BA83-12795F895F33}.Debug|x64.ActiveCfg = Debug|x64
		{FC9926A0-5508-4C10-BA83-12795F895F33}.Debug|x64.Build.0 = Debug|x64
		{FC9926A0-5508-4C10-BA83-12795F895F33}.Debug|x86.ActiveCfg = Debug|x86
		{FC9926A0-5508-4C10-BA83-12795F895F33}.Debug|x86.Build.0 = Debug|x86
		{FC9926A0-5508-4C10-BA83-12795F895F33}.Release|Any CPU.ActiveCfg = Release|Any CPU
		{FC9926A0-5508-4C10-BA83-12795F895F33}.Release|Any CPU.Build.0 = Release|Any CPU
		{FC9926A0-5508-4C10-BA83-12795F895F33}.Release|x64.ActiveCfg = Release|x64
		{FC9926A0-5508-4C10-BA83-12795F895F33}.Release|x64.Build.0 = Release|x64
		{FC9926A0-5508-4C10-BA83-12795F895F33}.Release|x86.ActiveCfg = Release|x86
		{FC9926A0-5508-4C10-BA83-12795F895F33}.Release|x86.Build.0 = Release|x86
		{42BEDA29-5784-49ED-B1BA-DE76DD9D7B2E}.Debug|Any CPU.ActiveCfg = Debug|Any CPU
		{42BEDA29-5784-49ED-B1BA-DE76DD9D7B2E}.Debug|Any CPU.Build.0 = Debug|Any CPU
		{42BEDA29-5784-49ED-B1BA-DE76DD9D7B2E}.Debug|x64.ActiveCfg = Debug|x64
		{42BEDA29-5784-49ED-B1BA-DE76DD9D7B2E}.Debug|x64.Build.0 = Debug|x64
		{42BEDA29-5784-49ED-B1BA-DE76DD9D7B2E}.Debug|x86.ActiveCfg = Debug|Any CPU
		{42BEDA29-5784-49ED-B1BA-DE76DD9D7B2E}.Debug|x86.Build.0 = Debug|Any CPU
		{42BEDA29-5784-49ED-B1BA-DE76DD9D7B2E}.Release|Any CPU.ActiveCfg = Release|Any CPU
		{42BEDA29-5784-49ED-B1BA-DE76DD9D7B2E}.Release|Any CPU.Build.0 = Release|Any CPU
		{42BEDA29-5784-49ED-B1BA-DE76DD9D7B2E}.Release|x64.ActiveCfg = Release|x64
		{42BEDA29-5784-49ED-B1BA-DE76DD9D7B2E}.Release|x64.Build.0 = Release|x64
		{42BEDA29-5784-49ED-B1BA-DE76DD9D7B2E}.Release|x86.ActiveCfg = Release|Any CPU
		{42BEDA29-5784-49ED-B1BA-DE76DD9D7B2E}.Release|x86.Build.0 = Release|Any CPU
		{44583F18-A9AB-4157-97DD-0C12EDF8C1D2}.Debug|Any CPU.ActiveCfg = Debug|Any CPU
		{44583F18-A9AB-4157-97DD-0C12EDF8C1D2}.Debug|Any CPU.Build.0 = Debug|Any CPU
		{44583F18-A9AB-4157-97DD-0C12EDF8C1D2}.Debug|x64.ActiveCfg = Debug|Any CPU
		{44583F18-A9AB-4157-97DD-0C12EDF8C1D2}.Debug|x64.Build.0 = Debug|Any CPU
		{44583F18-A9AB-4157-97DD-0C12EDF8C1D2}.Debug|x86.ActiveCfg = Debug|Any CPU
		{44583F18-A9AB-4157-97DD-0C12EDF8C1D2}.Debug|x86.Build.0 = Debug|Any CPU
		{44583F18-A9AB-4157-97DD-0C12EDF8C1D2}.Release|Any CPU.ActiveCfg = Release|Any CPU
		{44583F18-A9AB-4157-97DD-0C12EDF8C1D2}.Release|Any CPU.Build.0 = Release|Any CPU
		{44583F18-A9AB-4157-97DD-0C12EDF8C1D2}.Release|x64.ActiveCfg = Release|Any CPU
		{44583F18-A9AB-4157-97DD-0C12EDF8C1D2}.Release|x64.Build.0 = Release|Any CPU
		{44583F18-A9AB-4157-97DD-0C12EDF8C1D2}.Release|x86.ActiveCfg = Release|Any CPU
		{44583F18-A9AB-4157-97DD-0C12EDF8C1D2}.Release|x86.Build.0 = Release|Any CPU
	EndGlobalSection
	GlobalSection(SolutionProperties) = preSolution
		HideSolutionNode = FALSE
	EndGlobalSection
	GlobalSection(NestedProjects) = preSolution
		{FC9926A0-5508-4C10-BA83-12795F895F33} = {B6341232-F724-44F9-8F8A-2D6650E00573}
	EndGlobalSection
	GlobalSection(ExtensibilityGlobals) = postSolution
		SolutionGuid = {2B57BBB0-2CBE-4479-BE0B-83D4C63CC9A4}
	EndGlobalSection
EndGlobal
